// !$*UTF8*$!
{
	archiveVersion = 1;
	classes = {
	};
	objectVersion = 50;
	objects = {

/* Begin PBXBuildFile section */
		173B061A26ADC41A008DE1E0 /* HuliPizzaApp.swift in Sources */ = {isa = PBXBuildFile; fileRef = 173B061926ADC41A008DE1E0 /* HuliPizzaApp.swift */; };
		173B061C26ADC41A008DE1E0 /* ContentView.swift in Sources */ = {isa = PBXBuildFile; fileRef = 173B061B26ADC41A008DE1E0 /* ContentView.swift */; };
		173B061E26ADC41B008DE1E0 /* Assets.xcassets in Resources */ = {isa = PBXBuildFile; fileRef = 173B061D26ADC41B008DE1E0 /* Assets.xcassets */; };
		173B062126ADC41B008DE1E0 /* Preview Assets.xcassets in Resources */ = {isa = PBXBuildFile; fileRef = 173B062026ADC41B008DE1E0 /* Preview Assets.xcassets */; };
		173B062D26ADF7BF008DE1E0 /* OrderListView.swift in Sources */ = {isa = PBXBuildFile; fileRef = 173B062C26ADF7BF008DE1E0 /* OrderListView.swift */; };
		173B062F26ADF836008DE1E0 /* MenuListView.swift in Sources */ = {isa = PBXBuildFile; fileRef = 173B062E26ADF836008DE1E0 /* MenuListView.swift */; };
		173B063126ADF9C8008DE1E0 /* ContentHeaderView.swift in Sources */ = {isa = PBXBuildFile; fileRef = 173B063026ADF9C8008DE1E0 /* ContentHeaderView.swift */; };
		173B063326ADFB4E008DE1E0 /* OrderRowView.swift in Sources */ = {isa = PBXBuildFile; fileRef = 173B063226ADFB4E008DE1E0 /* OrderRowView.swift */; };
		173B063526ADFB87008DE1E0 /* MenuRowView.swift in Sources */ = {isa = PBXBuildFile; fileRef = 173B063426ADFB87008DE1E0 /* MenuRowView.swift */; };
		173B063726ADFBB9008DE1E0 /* RatingsView.swift in Sources */ = {isa = PBXBuildFile; fileRef = 173B063626ADFBB9008DE1E0 /* RatingsView.swift */; };
		173B063926ADFC45008DE1E0 /* PageTitleView.swift in Sources */ = {isa = PBXBuildFile; fileRef = 173B063826ADFC45008DE1E0 /* PageTitleView.swift */; };
		173B063B26AE0162008DE1E0 /* HistoryView.swift in Sources */ = {isa = PBXBuildFile; fileRef = 173B063A26AE0162008DE1E0 /* HistoryView.swift */; };
		173B063D26AE0338008DE1E0 /* PizzaHistoryMenuListView.swift in Sources */ = {isa = PBXBuildFile; fileRef = 173B063C26AE0338008DE1E0 /* PizzaHistoryMenuListView.swift */; };
		173B063F26AE037B008DE1E0 /* PizzaHistoryMenuRowView.swift in Sources */ = {isa = PBXBuildFile; fileRef = 173B063E26AE037B008DE1E0 /* PizzaHistoryMenuRowView.swift */; };
		173B064126AE05D6008DE1E0 /* ListHeaderView.swift in Sources */ = {isa = PBXBuildFile; fileRef = 173B064026AE05D6008DE1E0 /* ListHeaderView.swift */; };
		177D561D26AF038600FD4C91 /* SelectedImageView.swift in Sources */ = {isa = PBXBuildFile; fileRef = 177D561C26AF038600FD4C91 /* SelectedImageView.swift */; };
		177D562126AF40D900FD4C91 /* OrderModel.swift in Sources */ = {isa = PBXBuildFile; fileRef = 177D561E26AF40D800FD4C91 /* OrderModel.swift */; };
		177D562226AF40D900FD4C91 /* MenuModel.swift in Sources */ = {isa = PBXBuildFile; fileRef = 177D561F26AF40D900FD4C91 /* MenuModel.swift */; };
		177D562326AF40D900FD4C91 /* HistoryModel.swift in Sources */ = {isa = PBXBuildFile; fileRef = 177D562026AF40D900FD4C91 /* HistoryModel.swift */; };
		177D562526AF86C800FD4C91 /* MenuDetailView.swift in Sources */ = {isa = PBXBuildFile; fileRef = 177D562426AF86C800FD4C91 /* MenuDetailView.swift */; };
/* End PBXBuildFile section */

/* Begin PBXFileReference section */
		173B061626ADC41A008DE1E0 /* HuliPizza.app */ = {isa = PBXFileReference; explicitFileType = wrapper.application; includeInIndex = 0; path = HuliPizza.app; sourceTree = BUILT_PRODUCTS_DIR; };
		173B061926ADC41A008DE1E0 /* HuliPizzaApp.swift */ = {isa = PBXFileReference; lastKnownFileType = sourcecode.swift; path = HuliPizzaApp.swift; sourceTree = "<group>"; };
		173B061B26ADC41A008DE1E0 /* ContentView.swift */ = {isa = PBXFileReference; lastKnownFileType = sourcecode.swift; path = ContentView.swift; sourceTree = "<group>"; };
		173B061D26ADC41B008DE1E0 /* Assets.xcassets */ = {isa = PBXFileReference; lastKnownFileType = folder.assetcatalog; path = Assets.xcassets; sourceTree = "<group>"; };
		173B062026ADC41B008DE1E0 /* Preview Assets.xcassets */ = {isa = PBXFileReference; lastKnownFileType = folder.assetcatalog; path = "Preview Assets.xcassets"; sourceTree = "<group>"; };
		173B062226ADC41B008DE1E0 /* Info.plist */ = {isa = PBXFileReference; lastKnownFileType = text.plist.xml; path = Info.plist; sourceTree = "<group>"; };
		173B062C26ADF7BF008DE1E0 /* OrderListView.swift */ = {isa = PBXFileReference; lastKnownFileType = sourcecode.swift; path = OrderListView.swift; sourceTree = "<group>"; };
		173B062E26ADF836008DE1E0 /* MenuListView.swift */ = {isa = PBXFileReference; lastKnownFileType = sourcecode.swift; name = MenuListView.swift; path = HuliPizza/MenuListView.swift; sourceTree = SOURCE_ROOT; };
		173B063026ADF9C8008DE1E0 /* ContentHeaderView.swift */ = {isa = PBXFileReference; lastKnownFileType = sourcecode.swift; path = ContentHeaderView.swift; sourceTree = "<group>"; };
		173B063226ADFB4E008DE1E0 /* OrderRowView.swift */ = {isa = PBXFileReference; lastKnownFileType = sourcecode.swift; path = OrderRowView.swift; sourceTree = "<group>"; };
		173B063426ADFB87008DE1E0 /* MenuRowView.swift */ = {isa = PBXFileReference; lastKnownFileType = sourcecode.swift; path = MenuRowView.swift; sourceTree = "<group>"; };
		173B063626ADFBB9008DE1E0 /* RatingsView.swift */ = {isa = PBXFileReference; lastKnownFileType = sourcecode.swift; path = RatingsView.swift; sourceTree = "<group>"; };
		173B063826ADFC45008DE1E0 /* PageTitleView.swift */ = {isa = PBXFileReference; lastKnownFileType = sourcecode.swift; path = PageTitleView.swift; sourceTree = "<group>"; };
		173B063A26AE0162008DE1E0 /* HistoryView.swift */ = {isa = PBXFileReference; lastKnownFileType = sourcecode.swift; path = HistoryView.swift; sourceTree = "<group>"; };
		173B063C26AE0338008DE1E0 /* PizzaHistoryMenuListView.swift */ = {isa = PBXFileReference; lastKnownFileType = sourcecode.swift; path = PizzaHistoryMenuListView.swift; sourceTree = "<group>"; };
		173B063E26AE037B008DE1E0 /* PizzaHistoryMenuRowView.swift */ = {isa = PBXFileReference; lastKnownFileType = sourcecode.swift; path = PizzaHistoryMenuRowView.swift; sourceTree = "<group>"; };
		173B064026AE05D6008DE1E0 /* ListHeaderView.swift */ = {isa = PBXFileReference; lastKnownFileType = sourcecode.swift; path = ListHeaderView.swift; sourceTree = "<group>"; };
		177D561C26AF038600FD4C91 /* SelectedImageView.swift */ = {isa = PBXFileReference; lastKnownFileType = sourcecode.swift; path = SelectedImageView.swift; sourceTree = "<group>"; };
		177D561E26AF40D800FD4C91 /* OrderModel.swift */ = {isa = PBXFileReference; fileEncoding = 4; lastKnownFileType = sourcecode.swift; path = OrderModel.swift; sourceTree = "<group>"; };
		177D561F26AF40D900FD4C91 /* MenuModel.swift */ = {isa = PBXFileReference; fileEncoding = 4; lastKnownFileType = sourcecode.swift; path = MenuModel.swift; sourceTree = "<group>"; };
		177D562026AF40D900FD4C91 /* HistoryModel.swift */ = {isa = PBXFileReference; fileEncoding = 4; lastKnownFileType = sourcecode.swift; path = HistoryModel.swift; sourceTree = "<group>"; };
		177D562426AF86C800FD4C91 /* MenuDetailView.swift */ = {isa = PBXFileReference; fileEncoding = 4; lastKnownFileType = sourcecode.swift; path = MenuDetailView.swift; sourceTree = "<group>"; };
/* End PBXFileReference section */

/* Begin PBXFrameworksBuildPhase section */
		173B061326ADC41A008DE1E0 /* Frameworks */ = {
			isa = PBXFrameworksBuildPhase;
			buildActionMask = 2147483647;
			files = (
			);
			runOnlyForDeploymentPostprocessing = 0;
		};
/* End PBXFrameworksBuildPhase section */

/* Begin PBXGroup section */
		173B060D26ADC41A008DE1E0 = {
			isa = PBXGroup;
			children = (
				173B061826ADC41A008DE1E0 /* HuliPizza */,
				173B061726ADC41A008DE1E0 /* Products */,
			);
			sourceTree = "<group>";
		};
		173B061726ADC41A008DE1E0 /* Products */ = {
			isa = PBXGroup;
			children = (
				173B061626ADC41A008DE1E0 /* HuliPizza.app */,
			);
			name = Products;
			sourceTree = "<group>";
		};
		173B061826ADC41A008DE1E0 /* HuliPizza */ = {
			isa = PBXGroup;
			children = (
				173B064026AE05D6008DE1E0 /* ListHeaderView.swift */,
				177D561C26AF038600FD4C91 /* SelectedImageView.swift */,
				173B061B26ADC41A008DE1E0 /* ContentView.swift */,
				173B063026ADF9C8008DE1E0 /* ContentHeaderView.swift */,
				173B063826ADFC45008DE1E0 /* PageTitleView.swift */,
				173B062B26ADF78F008DE1E0 /* OrderView */,
				173B062A26ADF788008DE1E0 /* MenuView */,
				173B062926ADF783008DE1E0 /* Model */,
				173B062826ADF779008DE1E0 /* HistoryView */,
				173B061926ADC41A008DE1E0 /* HuliPizzaApp.swift */,
				173B061D26ADC41B008DE1E0 /* Assets.xcassets */,
				173B062226ADC41B008DE1E0 /* Info.plist */,
				173B061F26ADC41B008DE1E0 /* Preview Content */,
			);
			path = HuliPizza;
			sourceTree = "<group>";
		};
		173B061F26ADC41B008DE1E0 /* Preview Content */ = {
			isa = PBXGroup;
			children = (
				173B062026ADC41B008DE1E0 /* Preview Assets.xcassets */,
			);
			path = "Preview Content";
			sourceTree = "<group>";
		};
		173B062826ADF779008DE1E0 /* HistoryView */ = {
			isa = PBXGroup;
			children = (
				173B063A26AE0162008DE1E0 /* HistoryView.swift */,
				173B063C26AE0338008DE1E0 /* PizzaHistoryMenuListView.swift */,
				173B063E26AE037B008DE1E0 /* PizzaHistoryMenuRowView.swift */,
			);
			path = HistoryView;
			sourceTree = "<group>";
		};
		173B062926ADF783008DE1E0 /* Model */ = {
			isa = PBXGroup;
			children = (
				177D562026AF40D900FD4C91 /* HistoryModel.swift */,
				177D561F26AF40D900FD4C91 /* MenuModel.swift */,
				177D561E26AF40D800FD4C91 /* OrderModel.swift */,
			);
			path = Model;
			sourceTree = "<group>";
		};
		173B062A26ADF788008DE1E0 /* MenuView */ = {
			isa = PBXGroup;
			children = (
				173B062E26ADF836008DE1E0 /* MenuListView.swift */,
				173B063426ADFB87008DE1E0 /* MenuRowView.swift */,
				177D562426AF86C800FD4C91 /* MenuDetailView.swift */,
				173B063626ADFBB9008DE1E0 /* RatingsView.swift */,
			);
			path = MenuView;
			sourceTree = "<group>";
		};
		173B062B26ADF78F008DE1E0 /* OrderView */ = {
			isa = PBXGroup;
			children = (
				173B062C26ADF7BF008DE1E0 /* OrderListView.swift */,
				173B063226ADFB4E008DE1E0 /* OrderRowView.swift */,
			);
			path = OrderView;
			sourceTree = "<group>";
		};
/* End PBXGroup section */

/* Begin PBXNativeTarget section */
		173B061526ADC41A008DE1E0 /* HuliPizza */ = {
			isa = PBXNativeTarget;
			buildConfigurationList = 173B062526ADC41B008DE1E0 /* Build configuration list for PBXNativeTarget "HuliPizza" */;
			buildPhases = (
				173B061226ADC41A008DE1E0 /* Sources */,
				173B061326ADC41A008DE1E0 /* Frameworks */,
				173B061426ADC41A008DE1E0 /* Resources */,
			);
			buildRules = (
			);
			dependencies = (
			);
			name = HuliPizza;
			productName = HuliPizza;
			productReference = 173B061626ADC41A008DE1E0 /* HuliPizza.app */;
			productType = "com.apple.product-type.application";
		};
/* End PBXNativeTarget section */

/* Begin PBXProject section */
		173B060E26ADC41A008DE1E0 /* Project object */ = {
			isa = PBXProject;
			attributes = {
				LastSwiftUpdateCheck = 1250;
				LastUpgradeCheck = 1250;
				TargetAttributes = {
					173B061526ADC41A008DE1E0 = {
						CreatedOnToolsVersion = 12.5.1;
					};
				};
			};
			buildConfigurationList = 173B061126ADC41A008DE1E0 /* Build configuration list for PBXProject "HuliPizza" */;
			compatibilityVersion = "Xcode 9.3";
			developmentRegion = en;
			hasScannedForEncodings = 0;
			knownRegions = (
				en,
				Base,
			);
			mainGroup = 173B060D26ADC41A008DE1E0;
			productRefGroup = 173B061726ADC41A008DE1E0 /* Products */;
			projectDirPath = "";
			projectRoot = "";
			targets = (
				173B061526ADC41A008DE1E0 /* HuliPizza */,
			);
		};
/* End PBXProject section */

/* Begin PBXResourcesBuildPhase section */
		173B061426ADC41A008DE1E0 /* Resources */ = {
			isa = PBXResourcesBuildPhase;
			buildActionMask = 2147483647;
			files = (
				173B062126ADC41B008DE1E0 /* Preview Assets.xcassets in Resources */,
				173B061E26ADC41B008DE1E0 /* Assets.xcassets in Resources */,
			);
			runOnlyForDeploymentPostprocessing = 0;
		};
/* End PBXResourcesBuildPhase section */

/* Begin PBXSourcesBuildPhase section */
		173B061226ADC41A008DE1E0 /* Sources */ = {
			isa = PBXSourcesBuildPhase;
			buildActionMask = 2147483647;
			files = (
				177D562226AF40D900FD4C91 /* MenuModel.swift in Sources */,
				173B063F26AE037B008DE1E0 /* PizzaHistoryMenuRowView.swift in Sources */,
				173B063D26AE0338008DE1E0 /* PizzaHistoryMenuListView.swift in Sources */,
				173B063326ADFB4E008DE1E0 /* OrderRowView.swift in Sources */,
				173B063126ADF9C8008DE1E0 /* ContentHeaderView.swift in Sources */,
				173B061C26ADC41A008DE1E0 /* ContentView.swift in Sources */,
				173B061A26ADC41A008DE1E0 /* HuliPizzaApp.swift in Sources */,
				173B062F26ADF836008DE1E0 /* MenuListView.swift in Sources */,
				177D562126AF40D900FD4C91 /* OrderModel.swift in Sources */,
				173B063526ADFB87008DE1E0 /* MenuRowView.swift in Sources */,
				173B063926ADFC45008DE1E0 /* PageTitleView.swift in Sources */,
				177D561D26AF038600FD4C91 /* SelectedImageView.swift in Sources */,
				177D562526AF86C800FD4C91 /* MenuDetailView.swift in Sources */,
				177D562326AF40D900FD4C91 /* HistoryModel.swift in Sources */,
				173B063B26AE0162008DE1E0 /* HistoryView.swift in Sources */,
				173B064126AE05D6008DE1E0 /* ListHeaderView.swift in Sources */,
				173B062D26ADF7BF008DE1E0 /* OrderListView.swift in Sources */,
				173B063726ADFBB9008DE1E0 /* RatingsView.swift in Sources */,
			);
			runOnlyForDeploymentPostprocessing = 0;
		};
/* End PBXSourcesBuildPhase section */

/* Begin XCBuildConfiguration section */
		173B062326ADC41B008DE1E0 /* Debug */ = {
			isa = XCBuildConfiguration;
			buildSettings = {
				ALWAYS_SEARCH_USER_PATHS = NO;
				CLANG_ANALYZER_NONNULL = YES;
				CLANG_ANALYZER_NUMBER_OBJECT_CONVERSION = YES_AGGRESSIVE;
				CLANG_CXX_LANGUAGE_STANDARD = "gnu++14";
				CLANG_CXX_LIBRARY = "libc++";
				CLANG_ENABLE_MODULES = YES;
				CLANG_ENABLE_OBJC_ARC = YES;
				CLANG_ENABLE_OBJC_WEAK = YES;
				CLANG_WARN_BLOCK_CAPTURE_AUTORELEASING = YES;
				CLANG_WARN_BOOL_CONVERSION = YES;
				CLANG_WARN_COMMA = YES;
				CLANG_WARN_CONSTANT_CONVERSION = YES;
				CLANG_WARN_DEPRECATED_OBJC_IMPLEMENTATIONS = YES;
				CLANG_WARN_DIRECT_OBJC_ISA_USAGE = YES_ERROR;
				CLANG_WARN_DOCUMENTATION_COMMENTS = YES;
				CLANG_WARN_EMPTY_BODY = YES;
				CLANG_WARN_ENUM_CONVERSION = YES;
				CLANG_WARN_INFINITE_RECURSION = YES;
				CLANG_WARN_INT_CONVERSION = YES;
				CLANG_WARN_NON_LITERAL_NULL_CONVERSION = YES;
				CLANG_WARN_OBJC_IMPLICIT_RETAIN_SELF = YES;
				CLANG_WARN_OBJC_LITERAL_CONVERSION = YES;
				CLANG_WARN_OBJC_ROOT_CLASS = YES_ERROR;
				CLANG_WARN_QUOTED_INCLUDE_IN_FRAMEWORK_HEADER = YES;
				CLANG_WARN_RANGE_LOOP_ANALYSIS = YES;
				CLANG_WARN_STRICT_PROTOTYPES = YES;
				CLANG_WARN_SUSPICIOUS_MOVE = YES;
				CLANG_WARN_UNGUARDED_AVAILABILITY = YES_AGGRESSIVE;
				CLANG_WARN_UNREACHABLE_CODE = YES;
				CLANG_WARN__DUPLICATE_METHOD_MATCH = YES;
				COPY_PHASE_STRIP = NO;
				DEBUG_INFORMATION_FORMAT = dwarf;
				ENABLE_STRICT_OBJC_MSGSEND = YES;
				ENABLE_TESTABILITY = YES;
				GCC_C_LANGUAGE_STANDARD = gnu11;
				GCC_DYNAMIC_NO_PIC = NO;
				GCC_NO_COMMON_BLOCKS = YES;
				GCC_OPTIMIZATION_LEVEL = 0;
				GCC_PREPROCESSOR_DEFINITIONS = (
					"DEBUG=1",
					"$(inherited)",
				);
				GCC_WARN_64_TO_32_BIT_CONVERSION = YES;
				GCC_WARN_ABOUT_RETURN_TYPE = YES_ERROR;
				GCC_WARN_UNDECLARED_SELECTOR = YES;
				GCC_WARN_UNINITIALIZED_AUTOS = YES_AGGRESSIVE;
				GCC_WARN_UNUSED_FUNCTION = YES;
				GCC_WARN_UNUSED_VARIABLE = YES;
				IPHONEOS_DEPLOYMENT_TARGET = 14.5;
				MTL_ENABLE_DEBUG_INFO = INCLUDE_SOURCE;
				MTL_FAST_MATH = YES;
				ONLY_ACTIVE_ARCH = YES;
				SDKROOT = iphoneos;
				SWIFT_ACTIVE_COMPILATION_CONDITIONS = DEBUG;
				SWIFT_OPTIMIZATION_LEVEL = "-Onone";
			};
			name = Debug;
		};
		173B062426ADC41B008DE1E0 /* Release */ = {
			isa = XCBuildConfiguration;
			buildSettings = {
				ALWAYS_SEARCH_USER_PATHS = NO;
				CLANG_ANALYZER_NONNULL = YES;
				CLANG_ANALYZER_NUMBER_OBJECT_CONVERSION = YES_AGGRESSIVE;
				CLANG_CXX_LANGUAGE_STANDARD = "gnu++14";
				CLANG_CXX_LIBRARY = "libc++";
				CLANG_ENABLE_MODULES = YES;
				CLANG_ENABLE_OBJC_ARC = YES;
				CLANG_ENABLE_OBJC_WEAK = YES;
				CLANG_WARN_BLOCK_CAPTURE_AUTORELEASING = YES;
				CLANG_WARN_BOOL_CONVERSION = YES;
				CLANG_WARN_COMMA = YES;
				CLANG_WARN_CONSTANT_CONVERSION = YES;
				CLANG_WARN_DEPRECATED_OBJC_IMPLEMENTATIONS = YES;
				CLANG_WARN_DIRECT_OBJC_ISA_USAGE = YES_ERROR;
				CLANG_WARN_DOCUMENTATION_COMMENTS = YES;
				CLANG_WARN_EMPTY_BODY = YES;
				CLANG_WARN_ENUM_CONVERSION = YES;
				CLANG_WARN_INFINITE_RECURSION = YES;
				CLANG_WARN_INT_CONVERSION = YES;
				CLANG_WARN_NON_LITERAL_NULL_CONVERSION = YES;
				CLANG_WARN_OBJC_IMPLICIT_RETAIN_SELF = YES;
				CLANG_WARN_OBJC_LITERAL_CONVERSION = YES;
				CLANG_WARN_OBJC_ROOT_CLASS = YES_ERROR;
				CLANG_WARN_QUOTED_INCLUDE_IN_FRAMEWORK_HEADER = YES;
				CLANG_WARN_RANGE_LOOP_ANALYSIS = YES;
				CLANG_WARN_STRICT_PROTOTYPES = YES;
				CLANG_WARN_SUSPICIOUS_MOVE = YES;
				CLANG_WARN_UNGUARDED_AVAILABILITY = YES_AGGRESSIVE;
				CLANG_WARN_UNREACHABLE_CODE = YES;
				CLANG_WARN__DUPLICATE_METHOD_MATCH = YES;
				COPY_PHASE_STRIP = NO;
				DEBUG_INFORMATION_FORMAT = "dwarf-with-dsym";
				ENABLE_NS_ASSERTIONS = NO;
				ENABLE_STRICT_OBJC_MSGSEND = YES;
				GCC_C_LANGUAGE_STANDARD = gnu11;
				GCC_NO_COMMON_BLOCKS = YES;
				GCC_WARN_64_TO_32_BIT_CONVERSION = YES;
				GCC_WARN_ABOUT_RETURN_TYPE = YES_ERROR;
				GCC_WARN_UNDECLARED_SELECTOR = YES;
				GCC_WARN_UNINITIALIZED_AUTOS = YES_AGGRESSIVE;
				GCC_WARN_UNUSED_FUNCTION = YES;
				GCC_WARN_UNUSED_VARIABLE = YES;
				IPHONEOS_DEPLOYMENT_TARGET = 14.5;
				MTL_ENABLE_DEBUG_INFO = NO;
				MTL_FAST_MATH = YES;
				SDKROOT = iphoneos;
				SWIFT_COMPILATION_MODE = wholemodule;
				SWIFT_OPTIMIZATION_LEVEL = "-O";
				VALIDATE_PRODUCT = YES;
			};
			name = Release;
		};
		173B062626ADC41B008DE1E0 /* Debug */ = {
			isa = XCBuildConfiguration;
			buildSettings = {
				ASSETCATALOG_COMPILER_APPICON_NAME = AppIcon;
				ASSETCATALOG_COMPILER_GLOBAL_ACCENT_COLOR_NAME = AccentColor;
				CODE_SIGN_STYLE = Automatic;
				DEVELOPMENT_ASSET_PATHS = "\"HuliPizza/Preview Content\"";
				DEVELOPMENT_TEAM = 8SZJ9T656N;
				ENABLE_PREVIEWS = YES;
				INFOPLIST_FILE = HuliPizza/Info.plist;
				IPHONEOS_DEPLOYMENT_TARGET = 14.0;
				LD_RUNPATH_SEARCH_PATHS = (
					"$(inherited)",
					"@executable_path/Frameworks",
				);
				PRODUCT_BUNDLE_IDENTIFIER = ventures.darkwolf.HuliPizza;
				PRODUCT_NAME = "$(TARGET_NAME)";
				SWIFT_VERSION = 5.0;
				TARGETED_DEVICE_FAMILY = "1,2";
			};
			name = Debug;
		};
		173B062726ADC41B008DE1E0 /* Release */ = {
			isa = XCBuildConfiguration;
			buildSettings = {
				ASSETCATALOG_COMPILER_APPICON_NAME = AppIcon;
				ASSETCATALOG_COMPILER_GLOBAL_ACCENT_COLOR_NAME = AccentColor;
				CODE_SIGN_STYLE = Automatic;
				DEVELOPMENT_ASSET_PATHS = "\"HuliPizza/Preview Content\"";
				DEVELOPMENT_TEAM = 8SZJ9T656N;
				ENABLE_PREVIEWS = YES;
				INFOPLIST_FILE = HuliPizza/Info.plist;
				IPHONEOS_DEPLOYMENT_TARGET = 14.0;
				LD_RUNPATH_SEARCH_PATHS = (
					"$(inherited)",
					"@executable_path/Frameworks",
				);
				PRODUCT_BUNDLE_IDENTIFIER = ventures.darkwolf.HuliPizza;
				PRODUCT_NAME = "$(TARGET_NAME)";
				SWIFT_VERSION = 5.0;
				TARGETED_DEVICE_FAMILY = "1,2";
			};
			name = Release;
		};
/* End XCBuildConfiguration section */

/* Begin XCConfigurationList section */
		173B061126ADC41A008DE1E0 /* Build configuration list for PBXProject "HuliPizza" */ = {
			isa = XCConfigurationList;
			buildConfigurations = (
				173B062326ADC41B008DE1E0 /* Debug */,
				173B062426ADC41B008DE1E0 /* Release */,
			);
			defaultConfigurationIsVisible = 0;
			defaultConfigurationName = Release;
		};
		173B062526ADC41B008DE1E0 /* Build configuration list for PBXNativeTarget "HuliPizza" */ = {
			isa = XCConfigurationList;
			buildConfigurations = (
				173B062626ADC41B008DE1E0 /* Debug */,
				173B062726ADC41B008DE1E0 /* Release */,
			);
			defaultConfigurationIsVisible = 0;
			defaultConfigurationName = Release;
		};
/* End XCConfigurationList section */
	};
	rootObject = 173B060E26ADC41A008DE1E0 /* Project object */;
}
